
Microsoft Visual Studio Solution File, Format Version 12.00
# Visual Studio Version 17
VisualStudioVersion = 17.3.32819.101
MinimumVisualStudioVersion = 10.0.40219.1
Project("{FAE04EC0-301F-11D3-BF4B-00C04F79EFBC}") = "Estrutura_de_Dados_CSharp", "Estrutura_de_Dados_CSharp.csproj", "{4BFCD2F5-892A-43C9-83CF-3D634D6E9615}"
EndProject
Global
	GlobalSection(SolutionConfigurationPlatforms) = preSolution
		Debug|Any CPU = Debug|Any CPU
		Release|Any CPU = Release|Any CPU
	EndGlobalSection
	GlobalSection(ProjectConfigurationPlatforms) = postSolution
		{4BFCD2F5-892A-43C9-83CF-3D634D6E9615}.Debug|Any CPU.ActiveCfg = Debug|Any CPU
		{4BFCD2F5-892A-43C9-83CF-3D634D6E9615}.Debug|Any CPU.Build.0 = Debug|Any CPU
		{4BFCD2F5-892A-43C9-83CF-3D634D6E9615}.Release|Any CPU.ActiveCfg = Release|Any CPU
		{4BFCD2F5-892A-43C9-83CF-3D634D6E9615}.Release|Any CPU.Build.0 = Release|Any CPU
	EndGlobalSection
	GlobalSection(SolutionProperties) = preSolution
		HideSolutionNode = FALSE
	EndGlobalSection
	GlobalSection(ExtensibilityGlobals) = postSolution
		SolutionGuid = {1E38A982-F3AF-4DCC-9E87-81AA11187CAC}
	EndGlobalSection
EndGlobal
